
Microsoft Visual Studio Solution File, Format Version 12.00
# Visual Studio 14
VisualStudioVersion = 14.0.25420.1
MinimumVisualStudioVersion = 10.0.40219.1
Project("{8BC9CEB8-8B4A-11D0-8D11-00A0C91BC942}") = "libvorbis_static", "libvorbis\libvorbis_static.vcxproj", "{2B3EEA6F-EAA0-4968-A09A-871EBBA840D5}"
EndProject
Project("{8BC9CEB8-8B4A-11D0-8D11-00A0C91BC942}") = "libvorbisfile_static", "libvorbisfile\libvorbisfile_static.vcxproj", "{E0EFA3AC-BC7E-4DCB-AAED-E6C6CC41C898}"
EndProject
Project("{8BC9CEB8-8B4A-11D0-8D11-00A0C91BC942}") = "vorbisdec_static", "vorbisdec\vorbisdec_static.vcxproj", "{9791F453-8744-4779-B6B4-28709C308D47}"
EndProject
Project("{8BC9CEB8-8B4A-11D0-8D11-00A0C91BC942}") = "vorbisenc_static", "vorbisenc\vorbisenc_static.vcxproj", "{1018354B-70CC-461C-895D-E7FEBF9509D7}"
EndProject
Global
	GlobalSection(SolutionConfigurationPlatforms) = preSolution
		Debug|ARM = Debug|ARM
		Debug|ARM64 = Debug|ARM64
		Debug|x64 = Debug|x64
		Debug|x86 = Debug|x86
		Release|ARM = Release|ARM
		Release|ARM64 = Release|ARM64
		Release|x64 = Release|x64
		Release|x86 = Release|x86
	EndGlobalSection
	GlobalSection(ProjectConfigurationPlatforms) = postSolution
		{2B3EEA6F-EAA0-4968-A09A-871EBBA840D5}.Debug|ARM.ActiveCfg = Debug|ARM
		{2B3EEA6F-EAA0-4968-A09A-871EBBA840D5}.Debug|ARM.Build.0 = Debug|ARM
		{2B3EEA6F-EAA0-4968-A09A-871EBBA840D5}.Debug|ARM64.ActiveCfg = Debug|ARM64
		{2B3EEA6F-EAA0-4968-A09A-871EBBA840D5}.Debug|ARM64.Build.0 = Debug|ARM64
		{2B3EEA6F-EAA0-4968-A09A-871EBBA840D5}.Debug|x64.ActiveCfg = Debug|x64
		{2B3EEA6F-EAA0-4968-A09A-871EBBA840D5}.Debug|x64.Build.0 = Debug|x64
		{2B3EEA6F-EAA0-4968-A09A-871EBBA840D5}.Debug|x86.ActiveCfg = Debug|x86
		{2B3EEA6F-EAA0-4968-A09A-871EBBA840D5}.Debug|x86.Build.0 = Debug|x86
		{2B3EEA6F-EAA0-4968-A09A-871EBBA840D5}.Release|ARM.ActiveCfg = Release|ARM
		{2B3EEA6F-EAA0-4968-A09A-871EBBA840D5}.Release|ARM.Build.0 = Release|ARM
		{2B3EEA6F-EAA0-4968-A09A-871EBBA840D5}.Release|ARM64.ActiveCfg = Release|ARM64
		{2B3EEA6F-EAA0-4968-A09A-871EBBA840D5}.Release|ARM64.Build.0 = Release|ARM64
		{2B3EEA6F-EAA0-4968-A09A-871EBBA840D5}.Release|x64.ActiveCfg = Release|x64
		{2B3EEA6F-EAA0-4968-A09A-871EBBA840D5}.Release|x64.Build.0 = Release|x64
		{2B3EEA6F-EAA0-4968-A09A-871EBBA840D5}.Release|x86.ActiveCfg = Release|x86
		{2B3EEA6F-EAA0-4968-A09A-871EBBA840D5}.Release|x86.Build.0 = Release|x86
		{E0EFA3AC-BC7E-4DCB-AAED-E6C6CC41C898}.Debug|ARM.ActiveCfg = Debug|ARM
		{E0EFA3AC-BC7E-4DCB-AAED-E6C6CC41C898}.Debug|ARM.Build.0 = Debug|ARM
		{E0EFA3AC-BC7E-4DCB-AAED-E6C6CC41C898}.Debug|ARM64.ActiveCfg = Debug|ARM64
		{E0EFA3AC-BC7E-4DCB-AAED-E6C6CC41C898}.Debug|ARM64.Build.0 = Debug|ARM64
		{E0EFA3AC-BC7E-4DCB-AAED-E6C6CC41C898}.Debug|x64.ActiveCfg = Debug|x64
		{E0EFA3AC-BC7E-4DCB-AAED-E6C6CC41C898}.Debug|x64.Build.0 = Debug|x64
		{E0EFA3AC-BC7E-4DCB-AAED-E6C6CC41C898}.Debug|x86.ActiveCfg = Debug|x86
		{E0EFA3AC-BC7E-4DCB-AAED-E6C6CC41C898}.Debug|x86.Build.0 = Debug|x86
		{E0EFA3AC-BC7E-4DCB-AAED-E6C6CC41C898}.Release|ARM.ActiveCfg = Release|ARM
		{E0EFA3AC-BC7E-4DCB-AAED-E6C6CC41C898}.Release|ARM.Build.0 = Release|ARM
		{E0EFA3AC-BC7E-4DCB-AAED-E6C6CC41C898}.Release|ARM64.ActiveCfg = Release|ARM64
		{E0EFA3AC-BC7E-4DCB-AAED-E6C6CC41C898}.Release|ARM64.Build.0 = Release|ARM64
		{E0EFA3AC-BC7E-4DCB-AAED-E6C6CC41C898}.Release|x64.ActiveCfg = Release|x64
		{E0EFA3AC-BC7E-4DCB-AAED-E6C6CC41C898}.Release|x64.Build.0 = Release|x64
		{E0EFA3AC-BC7E-4DCB-AAED-E6C6CC41C898}.Release|x86.ActiveCfg = Release|x86
		{E0EFA3AC-BC7E-4DCB-AAED-E6C6CC41C898}.Release|x86.Build.0 = Release|x86
		{9791F453-8744-4779-B6B4-28709C308D47}.Debug|ARM.ActiveCfg = Debug|ARM
		{9791F453-8744-4779-B6B4-28709C308D47}.Debug|ARM.Build.0 = Debug|ARM
		{9791F453-8744-4779-B6B4-28709C308D47}.Debug|ARM64.ActiveCfg = Debug|ARM64
		{9791F453-8744-4779-B6B4-28709C308D47}.Debug|ARM64.Build.0 = Debug|ARM64
		{9791F453-8744-4779-B6B4-28709C308D47}.Debug|x64.ActiveCfg = Debug|x64
		{9791F453-8744-4779-B6B4-28709C308D47}.Debug|x64.Build.0 = Debug|x64
		{9791F453-8744-4779-B6B4-28709C308D47}.Debug|x86.ActiveCfg = Debug|x86
		{9791F453-8744-4779-B6B4-28709C308D47}.Debug|x86.Build.0 = Debug|x86
		{9791F453-8744-4779-B6B4-28709C308D47}.Release|ARM.ActiveCfg = Release|ARM
		{9791F453-8744-4779-B6B4-28709C308D47}.Release|ARM.Build.0 = Release|ARM
		{9791F453-8744-4779-B6B4-28709C308D47}.Release|ARM64.ActiveCfg = Release|ARM64
		{9791F453-8744-4779-B6B4-28709C308D47}.Release|ARM64.Build.0 = Release|ARM64
		{9791F453-8744-4779-B6B4-28709C308D47}.Release|x64.ActiveCfg = Release|x64
		{9791F453-8744-4779-B6B4-28709C308D47}.Release|x64.Build.0 = Release|x64
		{9791F453-8744-4779-B6B4-28709C308D47}.Release|x86.ActiveCfg = Release|x86
		{9791F453-8744-4779-B6B4-28709C308D47}.Release|x86.Build.0 = Release|x86
		{1018354B-70CC-461C-895D-E7FEBF9509D7}.Debug|ARM.ActiveCfg = Debug|ARM
		{1018354B-70CC-461C-895D-E7FEBF9509D7}.Debug|ARM.Build.0 = Debug|ARM
		{1018354B-70CC-461C-895D-E7FEBF9509D7}.Debug|ARM64.ActiveCfg = Debug|ARM64
		{1018354B-70CC-461C-895D-E7FEBF9509D7}.Debug|ARM64.Build.0 = Debug|ARM64
		{1018354B-70CC-461C-895D-E7FEBF9509D7}.Debug|x64.ActiveCfg = Debug|x64
		{1018354B-70CC-461C-895D-E7FEBF9509D7}.Debug|x64.Build.0 = Debug|x64
		{1018354B-70CC-461C-895D-E7FEBF9509D7}.Debug|x86.ActiveCfg = Debug|x86
		{1018354B-70CC-461C-895D-E7FEBF9509D7}.Debug|x86.Build.0 = Debug|x86
		{1018354B-70CC-461C-895D-E7FEBF9509D7}.Release|ARM.ActiveCfg = Release|ARM
		{1018354B-70CC-461C-895D-E7FEBF9509D7}.Release|ARM.Build.0 = Release|ARM
		{1018354B-70CC-461C-895D-E7FEBF9509D7}.Release|ARM64.ActiveCfg = Release|ARM64
		{1018354B-70CC-461C-895D-E7FEBF9509D7}.Release|ARM64.Build.0 = Release|ARM64
		{1018354B-70CC-461C-895D-E7FEBF9509D7}.Release|x64.ActiveCfg = Release|x64
		{1018354B-70CC-461C-895D-E7FEBF9509D7}.Release|x64.Build.0 = Release|x64
		{1018354B-70CC-461C-895D-E7FEBF9509D7}.Release|x86.ActiveCfg = Release|x86
		{1018354B-70CC-461C-895D-E7FEBF9509D7}.Release|x86.Build.0 = Release|x86
	EndGlobalSection
	GlobalSection(SolutionProperties) = preSolution
		HideSolutionNode = FALSE
	EndGlobalSection
EndGlobal
