
Microsoft Visual Studio Solution File, Format Version 12.00
# Visual Studio 14
VisualStudioVersion = 14.0.25420.1
MinimumVisualStudioVersion = 10.0.40219.1
Project("{8BC9CEB8-8B4A-11D0-8D11-00A0C91BC942}") = "libvorbis_dynamic", "libvorbis\libvorbis_dynamic.vcxproj", "{27808E2D-04E4-4625-B2D6-C1085DF116B8}"
EndProject
Project("{8BC9CEB8-8B4A-11D0-8D11-00A0C91BC942}") = "libvorbisfile_dynamic", "libvorbisfile\libvorbisfile_dynamic.vcxproj", "{25D3D88C-C3D9-45A7-A826-900868F74004}"
EndProject
Project("{8BC9CEB8-8B4A-11D0-8D11-00A0C91BC942}") = "vorbisdec_dynamic", "vorbisdec\vorbisdec_dynamic.vcxproj", "{1D9BF2C3-D14B-4692-A79D-836FE18A7BE5}"
EndProject
Project("{8BC9CEB8-8B4A-11D0-8D11-00A0C91BC942}") = "vorbisenc_dynamic", "vorbisenc\vorbisenc_dynamic.vcxproj", "{B117E643-2BD5-4DE7-8260-8BFCF0B4EF92}"
EndProject
Project("{2150E333-8FDC-42A3-9474-1A3956D46DE8}") = "Ref", "Ref", "{56FD3113-FEC3-457F-8DB6-AF8ECDC9AACB}"
EndProject
Project("{8BC9CEB8-8B4A-11D0-8D11-00A0C91BC942}") = "libogg_dynamic", "..\..\..\libogg\android\VS2015\libogg_dynamic.vcxproj", "{EB739F35-494C-4C38-963B-9546F1123BF1}"
EndProject
Global
	GlobalSection(SolutionConfigurationPlatforms) = preSolution
		Debug|ARM = Debug|ARM
		Debug|ARM64 = Debug|ARM64
		Debug|x64 = Debug|x64
		Debug|x86 = Debug|x86
		Release|ARM = Release|ARM
		Release|ARM64 = Release|ARM64
		Release|x64 = Release|x64
		Release|x86 = Release|x86
	EndGlobalSection
	GlobalSection(ProjectConfigurationPlatforms) = postSolution
		{27808E2D-04E4-4625-B2D6-C1085DF116B8}.Debug|ARM.ActiveCfg = Debug|ARM
		{27808E2D-04E4-4625-B2D6-C1085DF116B8}.Debug|ARM.Build.0 = Debug|ARM
		{27808E2D-04E4-4625-B2D6-C1085DF116B8}.Debug|ARM64.ActiveCfg = Debug|ARM64
		{27808E2D-04E4-4625-B2D6-C1085DF116B8}.Debug|ARM64.Build.0 = Debug|ARM64
		{27808E2D-04E4-4625-B2D6-C1085DF116B8}.Debug|x64.ActiveCfg = Debug|x64
		{27808E2D-04E4-4625-B2D6-C1085DF116B8}.Debug|x64.Build.0 = Debug|x64
		{27808E2D-04E4-4625-B2D6-C1085DF116B8}.Debug|x86.ActiveCfg = Debug|x86
		{27808E2D-04E4-4625-B2D6-C1085DF116B8}.Debug|x86.Build.0 = Debug|x86
		{27808E2D-04E4-4625-B2D6-C1085DF116B8}.Release|ARM.ActiveCfg = Release|ARM
		{27808E2D-04E4-4625-B2D6-C1085DF116B8}.Release|ARM.Build.0 = Release|ARM
		{27808E2D-04E4-4625-B2D6-C1085DF116B8}.Release|ARM64.ActiveCfg = Release|ARM64
		{27808E2D-04E4-4625-B2D6-C1085DF116B8}.Release|ARM64.Build.0 = Release|ARM64
		{27808E2D-04E4-4625-B2D6-C1085DF116B8}.Release|x64.ActiveCfg = Release|x64
		{27808E2D-04E4-4625-B2D6-C1085DF116B8}.Release|x64.Build.0 = Release|x64
		{27808E2D-04E4-4625-B2D6-C1085DF116B8}.Release|x86.ActiveCfg = Release|x86
		{27808E2D-04E4-4625-B2D6-C1085DF116B8}.Release|x86.Build.0 = Release|x86
		{25D3D88C-C3D9-45A7-A826-900868F74004}.Debug|ARM.ActiveCfg = Debug|ARM
		{25D3D88C-C3D9-45A7-A826-900868F74004}.Debug|ARM.Build.0 = Debug|ARM
		{25D3D88C-C3D9-45A7-A826-900868F74004}.Debug|ARM64.ActiveCfg = Debug|ARM64
		{25D3D88C-C3D9-45A7-A826-900868F74004}.Debug|ARM64.Build.0 = Debug|ARM64
		{25D3D88C-C3D9-45A7-A826-900868F74004}.Debug|x64.ActiveCfg = Debug|x64
		{25D3D88C-C3D9-45A7-A826-900868F74004}.Debug|x64.Build.0 = Debug|x64
		{25D3D88C-C3D9-45A7-A826-900868F74004}.Debug|x86.ActiveCfg = Debug|x86
		{25D3D88C-C3D9-45A7-A826-900868F74004}.Debug|x86.Build.0 = Debug|x86
		{25D3D88C-C3D9-45A7-A826-900868F74004}.Release|ARM.ActiveCfg = Release|ARM
		{25D3D88C-C3D9-45A7-A826-900868F74004}.Release|ARM.Build.0 = Release|ARM
		{25D3D88C-C3D9-45A7-A826-900868F74004}.Release|ARM64.ActiveCfg = Release|ARM64
		{25D3D88C-C3D9-45A7-A826-900868F74004}.Release|ARM64.Build.0 = Release|ARM64
		{25D3D88C-C3D9-45A7-A826-900868F74004}.Release|x64.ActiveCfg = Release|x64
		{25D3D88C-C3D9-45A7-A826-900868F74004}.Release|x64.Build.0 = Release|x64
		{25D3D88C-C3D9-45A7-A826-900868F74004}.Release|x86.ActiveCfg = Release|x86
		{25D3D88C-C3D9-45A7-A826-900868F74004}.Release|x86.Build.0 = Release|x86
		{1D9BF2C3-D14B-4692-A79D-836FE18A7BE5}.Debug|ARM.ActiveCfg = Debug|ARM
		{1D9BF2C3-D14B-4692-A79D-836FE18A7BE5}.Debug|ARM.Build.0 = Debug|ARM
		{1D9BF2C3-D14B-4692-A79D-836FE18A7BE5}.Debug|ARM64.ActiveCfg = Debug|ARM64
		{1D9BF2C3-D14B-4692-A79D-836FE18A7BE5}.Debug|ARM64.Build.0 = Debug|ARM64
		{1D9BF2C3-D14B-4692-A79D-836FE18A7BE5}.Debug|x64.ActiveCfg = Debug|x64
		{1D9BF2C3-D14B-4692-A79D-836FE18A7BE5}.Debug|x64.Build.0 = Debug|x64
		{1D9BF2C3-D14B-4692-A79D-836FE18A7BE5}.Debug|x86.ActiveCfg = Debug|x86
		{1D9BF2C3-D14B-4692-A79D-836FE18A7BE5}.Debug|x86.Build.0 = Debug|x86
		{1D9BF2C3-D14B-4692-A79D-836FE18A7BE5}.Release|ARM.ActiveCfg = Release|ARM
		{1D9BF2C3-D14B-4692-A79D-836FE18A7BE5}.Release|ARM.Build.0 = Release|ARM
		{1D9BF2C3-D14B-4692-A79D-836FE18A7BE5}.Release|ARM64.ActiveCfg = Release|ARM64
		{1D9BF2C3-D14B-4692-A79D-836FE18A7BE5}.Release|ARM64.Build.0 = Release|ARM64
		{1D9BF2C3-D14B-4692-A79D-836FE18A7BE5}.Release|x64.ActiveCfg = Release|x64
		{1D9BF2C3-D14B-4692-A79D-836FE18A7BE5}.Release|x64.Build.0 = Release|x64
		{1D9BF2C3-D14B-4692-A79D-836FE18A7BE5}.Release|x86.ActiveCfg = Release|x86
		{1D9BF2C3-D14B-4692-A79D-836FE18A7BE5}.Release|x86.Build.0 = Release|x86
		{B117E643-2BD5-4DE7-8260-8BFCF0B4EF92}.Debug|ARM.ActiveCfg = Debug|ARM
		{B117E643-2BD5-4DE7-8260-8BFCF0B4EF92}.Debug|ARM.Build.0 = Debug|ARM
		{B117E643-2BD5-4DE7-8260-8BFCF0B4EF92}.Debug|ARM64.ActiveCfg = Debug|ARM64
		{B117E643-2BD5-4DE7-8260-8BFCF0B4EF92}.Debug|ARM64.Build.0 = Debug|ARM64
		{B117E643-2BD5-4DE7-8260-8BFCF0B4EF92}.Debug|x64.ActiveCfg = Debug|x64
		{B117E643-2BD5-4DE7-8260-8BFCF0B4EF92}.Debug|x64.Build.0 = Debug|x64
		{B117E643-2BD5-4DE7-8260-8BFCF0B4EF92}.Debug|x86.ActiveCfg = Debug|x86
		{B117E643-2BD5-4DE7-8260-8BFCF0B4EF92}.Debug|x86.Build.0 = Debug|x86
		{B117E643-2BD5-4DE7-8260-8BFCF0B4EF92}.Release|ARM.ActiveCfg = Release|ARM
		{B117E643-2BD5-4DE7-8260-8BFCF0B4EF92}.Release|ARM.Build.0 = Release|ARM
		{B117E643-2BD5-4DE7-8260-8BFCF0B4EF92}.Release|ARM64.ActiveCfg = Release|ARM64
		{B117E643-2BD5-4DE7-8260-8BFCF0B4EF92}.Release|ARM64.Build.0 = Release|ARM64
		{B117E643-2BD5-4DE7-8260-8BFCF0B4EF92}.Release|x64.ActiveCfg = Release|x64
		{B117E643-2BD5-4DE7-8260-8BFCF0B4EF92}.Release|x64.Build.0 = Release|x64
		{B117E643-2BD5-4DE7-8260-8BFCF0B4EF92}.Release|x86.ActiveCfg = Release|x86
		{B117E643-2BD5-4DE7-8260-8BFCF0B4EF92}.Release|x86.Build.0 = Release|x86
		{EB739F35-494C-4C38-963B-9546F1123BF1}.Debug|ARM.ActiveCfg = Debug|ARM
		{EB739F35-494C-4C38-963B-9546F1123BF1}.Debug|ARM.Build.0 = Debug|ARM
		{EB739F35-494C-4C38-963B-9546F1123BF1}.Debug|ARM64.ActiveCfg = Debug|ARM64
		{EB739F35-494C-4C38-963B-9546F1123BF1}.Debug|ARM64.Build.0 = Debug|ARM64
		{EB739F35-494C-4C38-963B-9546F1123BF1}.Debug|x64.ActiveCfg = Debug|x64
		{EB739F35-494C-4C38-963B-9546F1123BF1}.Debug|x64.Build.0 = Debug|x64
		{EB739F35-494C-4C38-963B-9546F1123BF1}.Debug|x86.ActiveCfg = Debug|x86
		{EB739F35-494C-4C38-963B-9546F1123BF1}.Debug|x86.Build.0 = Debug|x86
		{EB739F35-494C-4C38-963B-9546F1123BF1}.Release|ARM.ActiveCfg = Release|ARM
		{EB739F35-494C-4C38-963B-9546F1123BF1}.Release|ARM.Build.0 = Release|ARM
		{EB739F35-494C-4C38-963B-9546F1123BF1}.Release|ARM64.ActiveCfg = Release|ARM64
		{EB739F35-494C-4C38-963B-9546F1123BF1}.Release|ARM64.Build.0 = Release|ARM64
		{EB739F35-494C-4C38-963B-9546F1123BF1}.Release|x64.ActiveCfg = Release|x64
		{EB739F35-494C-4C38-963B-9546F1123BF1}.Release|x64.Build.0 = Release|x64
		{EB739F35-494C-4C38-963B-9546F1123BF1}.Release|x86.ActiveCfg = Release|x86
		{EB739F35-494C-4C38-963B-9546F1123BF1}.Release|x86.Build.0 = Release|x86
	EndGlobalSection
	GlobalSection(SolutionProperties) = preSolution
		HideSolutionNode = FALSE
	EndGlobalSection
	GlobalSection(NestedProjects) = preSolution
		{EB739F35-494C-4C38-963B-9546F1123BF1} = {56FD3113-FEC3-457F-8DB6-AF8ECDC9AACB}
	EndGlobalSection
EndGlobal
