
Microsoft Visual Studio Solution File, Format Version 12.00
# Visual Studio 14
VisualStudioVersion = 14.0.25420.1
MinimumVisualStudioVersion = 10.0.40219.1
Project("{8BC9CEB8-8B4A-11D0-8D11-00A0C91BC942}") = "libvorbis_static", "libvorbis_static\libvorbis_static.vcxproj", "{4C848C03-7365-4FF1-8BA9-E706793D12D8}"
EndProject
Project("{8BC9CEB8-8B4A-11D0-8D11-00A0C91BC942}") = "libvorbisfile", "libvorbisfile\libvorbisfile.vcxproj", "{236EE775-4508-4642-ADA0-73C434437B5A}"
EndProject
Project("{8BC9CEB8-8B4A-11D0-8D11-00A0C91BC942}") = "vorbisdec", "vorbisdec\vorbisdec.vcxproj", "{CD6AD6C0-B86F-48FB-BA3E-F221E2BC51A6}"
EndProject
Project("{8BC9CEB8-8B4A-11D0-8D11-00A0C91BC942}") = "vorbisenc", "vorbisenc\vorbisenc.vcxproj", "{EDFD406C-F3DC-47D8-82BF-CDF66024C402}"
EndProject
Global
	GlobalSection(SolutionConfigurationPlatforms) = preSolution
		Debug|ARM = Debug|ARM
		Debug|ARM64 = Debug|ARM64
		Debug|x64 = Debug|x64
		Debug|x86 = Debug|x86
		Release|ARM = Release|ARM
		Release|ARM64 = Release|ARM64
		Release|x64 = Release|x64
		Release|x86 = Release|x86
	EndGlobalSection
	GlobalSection(ProjectConfigurationPlatforms) = postSolution
		{4C848C03-7365-4FF1-8BA9-E706793D12D8}.Debug|ARM.ActiveCfg = Debug|ARM
		{4C848C03-7365-4FF1-8BA9-E706793D12D8}.Debug|ARM.Build.0 = Debug|ARM
		{4C848C03-7365-4FF1-8BA9-E706793D12D8}.Debug|ARM64.ActiveCfg = Debug|ARM64
		{4C848C03-7365-4FF1-8BA9-E706793D12D8}.Debug|ARM64.Build.0 = Debug|ARM64
		{4C848C03-7365-4FF1-8BA9-E706793D12D8}.Debug|x64.ActiveCfg = Debug|x64
		{4C848C03-7365-4FF1-8BA9-E706793D12D8}.Debug|x64.Build.0 = Debug|x64
		{4C848C03-7365-4FF1-8BA9-E706793D12D8}.Debug|x86.ActiveCfg = Debug|x86
		{4C848C03-7365-4FF1-8BA9-E706793D12D8}.Debug|x86.Build.0 = Debug|x86
		{4C848C03-7365-4FF1-8BA9-E706793D12D8}.Release|ARM.ActiveCfg = Release|ARM
		{4C848C03-7365-4FF1-8BA9-E706793D12D8}.Release|ARM.Build.0 = Release|ARM
		{4C848C03-7365-4FF1-8BA9-E706793D12D8}.Release|ARM64.ActiveCfg = Release|ARM64
		{4C848C03-7365-4FF1-8BA9-E706793D12D8}.Release|ARM64.Build.0 = Release|ARM64
		{4C848C03-7365-4FF1-8BA9-E706793D12D8}.Release|x64.ActiveCfg = Release|x64
		{4C848C03-7365-4FF1-8BA9-E706793D12D8}.Release|x64.Build.0 = Release|x64
		{4C848C03-7365-4FF1-8BA9-E706793D12D8}.Release|x86.ActiveCfg = Release|x86
		{4C848C03-7365-4FF1-8BA9-E706793D12D8}.Release|x86.Build.0 = Release|x86
		{236EE775-4508-4642-ADA0-73C434437B5A}.Debug|ARM.ActiveCfg = Debug|ARM
		{236EE775-4508-4642-ADA0-73C434437B5A}.Debug|ARM.Build.0 = Debug|ARM
		{236EE775-4508-4642-ADA0-73C434437B5A}.Debug|ARM64.ActiveCfg = Debug|ARM64
		{236EE775-4508-4642-ADA0-73C434437B5A}.Debug|ARM64.Build.0 = Debug|ARM64
		{236EE775-4508-4642-ADA0-73C434437B5A}.Debug|x64.ActiveCfg = Debug|x64
		{236EE775-4508-4642-ADA0-73C434437B5A}.Debug|x64.Build.0 = Debug|x64
		{236EE775-4508-4642-ADA0-73C434437B5A}.Debug|x86.ActiveCfg = Debug|x86
		{236EE775-4508-4642-ADA0-73C434437B5A}.Debug|x86.Build.0 = Debug|x86
		{236EE775-4508-4642-ADA0-73C434437B5A}.Release|ARM.ActiveCfg = Release|ARM
		{236EE775-4508-4642-ADA0-73C434437B5A}.Release|ARM.Build.0 = Release|ARM
		{236EE775-4508-4642-ADA0-73C434437B5A}.Release|ARM64.ActiveCfg = Release|ARM64
		{236EE775-4508-4642-ADA0-73C434437B5A}.Release|ARM64.Build.0 = Release|ARM64
		{236EE775-4508-4642-ADA0-73C434437B5A}.Release|x64.ActiveCfg = Release|x64
		{236EE775-4508-4642-ADA0-73C434437B5A}.Release|x64.Build.0 = Release|x64
		{236EE775-4508-4642-ADA0-73C434437B5A}.Release|x86.ActiveCfg = Release|x86
		{236EE775-4508-4642-ADA0-73C434437B5A}.Release|x86.Build.0 = Release|x86
		{CD6AD6C0-B86F-48FB-BA3E-F221E2BC51A6}.Debug|ARM.ActiveCfg = Debug|ARM
		{CD6AD6C0-B86F-48FB-BA3E-F221E2BC51A6}.Debug|ARM.Build.0 = Debug|ARM
		{CD6AD6C0-B86F-48FB-BA3E-F221E2BC51A6}.Debug|ARM64.ActiveCfg = Debug|ARM64
		{CD6AD6C0-B86F-48FB-BA3E-F221E2BC51A6}.Debug|ARM64.Build.0 = Debug|ARM64
		{CD6AD6C0-B86F-48FB-BA3E-F221E2BC51A6}.Debug|x64.ActiveCfg = Debug|x64
		{CD6AD6C0-B86F-48FB-BA3E-F221E2BC51A6}.Debug|x64.Build.0 = Debug|x64
		{CD6AD6C0-B86F-48FB-BA3E-F221E2BC51A6}.Debug|x86.ActiveCfg = Debug|x86
		{CD6AD6C0-B86F-48FB-BA3E-F221E2BC51A6}.Debug|x86.Build.0 = Debug|x86
		{CD6AD6C0-B86F-48FB-BA3E-F221E2BC51A6}.Release|ARM.ActiveCfg = Release|ARM
		{CD6AD6C0-B86F-48FB-BA3E-F221E2BC51A6}.Release|ARM.Build.0 = Release|ARM
		{CD6AD6C0-B86F-48FB-BA3E-F221E2BC51A6}.Release|ARM64.ActiveCfg = Release|ARM64
		{CD6AD6C0-B86F-48FB-BA3E-F221E2BC51A6}.Release|ARM64.Build.0 = Release|ARM64
		{CD6AD6C0-B86F-48FB-BA3E-F221E2BC51A6}.Release|x64.ActiveCfg = Release|x64
		{CD6AD6C0-B86F-48FB-BA3E-F221E2BC51A6}.Release|x64.Build.0 = Release|x64
		{CD6AD6C0-B86F-48FB-BA3E-F221E2BC51A6}.Release|x86.ActiveCfg = Release|x86
		{CD6AD6C0-B86F-48FB-BA3E-F221E2BC51A6}.Release|x86.Build.0 = Release|x86
		{EDFD406C-F3DC-47D8-82BF-CDF66024C402}.Debug|ARM.ActiveCfg = Debug|ARM
		{EDFD406C-F3DC-47D8-82BF-CDF66024C402}.Debug|ARM.Build.0 = Debug|ARM
		{EDFD406C-F3DC-47D8-82BF-CDF66024C402}.Debug|ARM64.ActiveCfg = Debug|ARM64
		{EDFD406C-F3DC-47D8-82BF-CDF66024C402}.Debug|ARM64.Build.0 = Debug|ARM64
		{EDFD406C-F3DC-47D8-82BF-CDF66024C402}.Debug|x64.ActiveCfg = Debug|x64
		{EDFD406C-F3DC-47D8-82BF-CDF66024C402}.Debug|x64.Build.0 = Debug|x64
		{EDFD406C-F3DC-47D8-82BF-CDF66024C402}.Debug|x86.ActiveCfg = Debug|x86
		{EDFD406C-F3DC-47D8-82BF-CDF66024C402}.Debug|x86.Build.0 = Debug|x86
		{EDFD406C-F3DC-47D8-82BF-CDF66024C402}.Release|ARM.ActiveCfg = Release|ARM
		{EDFD406C-F3DC-47D8-82BF-CDF66024C402}.Release|ARM.Build.0 = Release|ARM
		{EDFD406C-F3DC-47D8-82BF-CDF66024C402}.Release|ARM64.ActiveCfg = Release|ARM64
		{EDFD406C-F3DC-47D8-82BF-CDF66024C402}.Release|ARM64.Build.0 = Release|ARM64
		{EDFD406C-F3DC-47D8-82BF-CDF66024C402}.Release|x64.ActiveCfg = Release|x64
		{EDFD406C-F3DC-47D8-82BF-CDF66024C402}.Release|x64.Build.0 = Release|x64
		{EDFD406C-F3DC-47D8-82BF-CDF66024C402}.Release|x86.ActiveCfg = Release|x86
		{EDFD406C-F3DC-47D8-82BF-CDF66024C402}.Release|x86.Build.0 = Release|x86
	EndGlobalSection
	GlobalSection(SolutionProperties) = preSolution
		HideSolutionNode = FALSE
	EndGlobalSection
EndGlobal
